
Microsoft Visual Studio Solution File, Format Version 12.00
# Visual Studio Version 17
VisualStudioVersion = 17.0.31717.71
MinimumVisualStudioVersion = 10.0.40219.1
Project("{9A19103F-16F7-4668-BE54-9A1E7A4F7556}") = "ShopBlazor", "ShopBlazor.csproj", "{C52BCC2A-A54C-4533-98A0-2601D40EE525}"
EndProject
Global
	GlobalSection(SolutionConfigurationPlatforms) = preSolution
		Debug|Any CPU = Debug|Any CPU
		Release|Any CPU = Release|Any CPU
	EndGlobalSection
	GlobalSection(ProjectConfigurationPlatforms) = postSolution
		{C52BCC2A-A54C-4533-98A0-2601D40EE525}.Debug|Any CPU.ActiveCfg = Debug|Any CPU
		{C52BCC2A-A54C-4533-98A0-2601D40EE525}.Debug|Any CPU.Build.0 = Debug|Any CPU
		{C52BCC2A-A54C-4533-98A0-2601D40EE525}.Release|Any CPU.ActiveCfg = Release|Any CPU
		{C52BCC2A-A54C-4533-98A0-2601D40EE525}.Release|Any CPU.Build.0 = Release|Any CPU
	EndGlobalSection
	GlobalSection(SolutionProperties) = preSolution
		HideSolutionNode = FALSE
	EndGlobalSection
	GlobalSection(ExtensibilityGlobals) = postSolution
		SolutionGuid = {D3ACA645-044B-4BC1-8C4D-9CAFA28FC6FB}
	EndGlobalSection
EndGlobal